dependencies:
  espressif/esp_jpeg:
    component_hash: 257714f4bd0d8258a122d57715e6ba166de858d6d49d5fb8e70263d5069d8568
    source:
      service_url: https://api.components.espressif.com/
      type: service
    version: 1.0.5~2
  idf:
    component_hash: null
    source:
      type: idf
    version: 5.2.0
manifest_hash: ec65536ce8617ca1e18a5ffc8ab5a118f940033f59b3d6b7615ed0bdc4e3cd56
target: esp32s3
version: 1.0.0
